Microsoft Visual Studio Solution File, Format Version 11.00
# Visual Studio 2008

Project("{4DE45A95-8FE5-DC6A-6F8B-3728C4CC3EB7}") = "Dentorama", "Assembly-CSharp-firstpass.csproj", "{5A9B4056-156D-4A39-066E-3037C1347FE5}"
EndProject
Project("{4DE45A95-8FE5-DC6A-6F8B-3728C4CC3EB7}") = "Dentorama", "Assembly-CSharp.csproj", "{50AF1D8C-9A04-DD11-3B9D-C19201ABD9D6}"
EndProject
Project("{4DE45A95-8FE5-DC6A-6F8B-3728C4CC3EB7}") = "Dentorama", "Assembly-CSharp-Editor.csproj", "{695FFFB5-7897-E971-E0D9-F8D971E4E864}"
EndProject
Project("{4DE45A95-8FE5-DC6A-6F8B-3728C4CC3EB7}") = "Dentorama", "Assembly-UnityScript.unityproj", "{D3A672F5-9E22-33CC-0821-AAD127C6437C}"
EndProject
Global
	GlobalSection(SolutionConfigurationPlatforms) = preSolution
		Debug|Any CPU = Debug|Any CPU
		Release|Any CPU = Release|Any CPU
	EndGlobalSection
	GlobalSection(ProjectConfigurationPlatforms) = postSolution
		{5A9B4056-156D-4A39-066E-3037C1347FE5}.Debug|Any CPU.ActiveCfg = Debug|Any CPU
		{5A9B4056-156D-4A39-066E-3037C1347FE5}.Debug|Any CPU.Build.0 = Debug|Any CPU
		{5A9B4056-156D-4A39-066E-3037C1347FE5}.Release|Any CPU.ActiveCfg = Release|Any CPU
		{5A9B4056-156D-4A39-066E-3037C1347FE5}.Release|Any CPU.Build.0 = Release|Any CPU
		{50AF1D8C-9A04-DD11-3B9D-C19201ABD9D6}.Debug|Any CPU.ActiveCfg = Debug|Any CPU
		{50AF1D8C-9A04-DD11-3B9D-C19201ABD9D6}.Debug|Any CPU.Build.0 = Debug|Any CPU
		{50AF1D8C-9A04-DD11-3B9D-C19201ABD9D6}.Release|Any CPU.ActiveCfg = Release|Any CPU
		{50AF1D8C-9A04-DD11-3B9D-C19201ABD9D6}.Release|Any CPU.Build.0 = Release|Any CPU
		{695FFFB5-7897-E971-E0D9-F8D971E4E864}.Debug|Any CPU.ActiveCfg = Debug|Any CPU
		{695FFFB5-7897-E971-E0D9-F8D971E4E864}.Debug|Any CPU.Build.0 = Debug|Any CPU
		{695FFFB5-7897-E971-E0D9-F8D971E4E864}.Release|Any CPU.ActiveCfg = Release|Any CPU
		{695FFFB5-7897-E971-E0D9-F8D971E4E864}.Release|Any CPU.Build.0 = Release|Any CPU
		{D3A672F5-9E22-33CC-0821-AAD127C6437C}.Debug|Any CPU.ActiveCfg = Debug|Any CPU
		{D3A672F5-9E22-33CC-0821-AAD127C6437C}.Debug|Any CPU.Build.0 = Debug|Any CPU
		{D3A672F5-9E22-33CC-0821-AAD127C6437C}.Release|Any CPU.ActiveCfg = Release|Any CPU
		{D3A672F5-9E22-33CC-0821-AAD127C6437C}.Release|Any CPU.Build.0 = Release|Any CPU
	EndGlobalSection
	GlobalSection(SolutionProperties) = preSolution
		HideSolutionNode = FALSE
	EndGlobalSection
																																																																																																																																																																																																																																																																																																																																																																																																																																																																																																																																																																																																		GlobalSection(MonoDevelopProperties) = preSolution
		StartupItem = Assembly-CSharp.csproj
		Policies = $0
		$0.TextStylePolicy = $1
		$1.inheritsSet = null
		$1.scope = text/x-csharp
		$0.CSharpFormattingPolicy = $2
		$2.inheritsSet = Mono
		$2.inheritsScope = text/x-csharp
		$2.scope = text/x-csharp
		$0.TextStylePolicy = $3
		$3.FileWidth = 120
		$3.TabWidth = 4
		$3.EolMarker = Unix
		$3.inheritsSet = Mono
		$3.inheritsScope = text/plain
		$3.scope = text/plain
	EndGlobalSection

EndGlobal
